
Microsoft Visual Studio Solution File, Format Version 12.00
# Visual Studio Version 16
VisualStudioVersion = 16.0.29409.12
MinimumVisualStudioVersion = 10.0.40219.1
Project("{FAE04EC0-301F-11D3-BF4B-00C04F79EFBC}") = "queuetrigger", "queuetrigger\queuetrigger.csproj", "{B567947F-B030-4679-B907-9E680B5DC593}"
EndProject
Global
	GlobalSection(SolutionConfigurationPlatforms) = preSolution
		Debug|Any CPU = Debug|Any CPU
		Release|Any CPU = Release|Any CPU
	EndGlobalSection
	GlobalSection(ProjectConfigurationPlatforms) = postSolution
		{B567947F-B030-4679-B907-9E680B5DC593}.Debug|Any CPU.ActiveCfg = Debug|Any CPU
		{B567947F-B030-4679-B907-9E680B5DC593}.Debug|Any CPU.Build.0 = Debug|Any CPU
		{B567947F-B030-4679-B907-9E680B5DC593}.Release|Any CPU.ActiveCfg = Release|Any CPU
		{B567947F-B030-4679-B907-9E680B5DC593}.Release|Any CPU.Build.0 = Release|Any CPU
	EndGlobalSection
	GlobalSection(SolutionProperties) = preSolution
		HideSolutionNode = FALSE
	EndGlobalSection
	GlobalSection(ExtensibilityGlobals) = postSolution
		SolutionGuid = {3EAF5512-FE73-4133-B5A0-893BE26E4F24}
	EndGlobalSection
EndGlobal
